
Microsoft Visual Studio Solution File, Format Version 12.00
# Visual Studio Version 16
VisualStudioVersion = 16.0.29409.12
MinimumVisualStudioVersion = 10.0.40219.1
Project("{FAE04EC0-301F-11D3-BF4B-00C04F79EFBC}") = "7_2_testCases", "7_2_testCases\7_2_testCases.csproj", "{18C6CF88-1440-455B-BC4E-8C063122A568}"
EndProject
Project("{FAE04EC0-301F-11D3-BF4B-00C04F79EFBC}") = "TestNinja.UnitTests", "TestNinja.UnitTests\TestNinja.UnitTests.csproj", "{BA25C66B-772B-42A7-9567-6155855323B7}"
EndProject
Global
	GlobalSection(SolutionConfigurationPlatforms) = preSolution
		Debug|Any CPU = Debug|Any CPU
		Release|Any CPU = Release|Any CPU
	EndGlobalSection
	GlobalSection(ProjectConfigurationPlatforms) = postSolution
		{18C6CF88-1440-455B-BC4E-8C063122A568}.Debug|Any CPU.ActiveCfg = Debug|Any CPU
		{18C6CF88-1440-455B-BC4E-8C063122A568}.Debug|Any CPU.Build.0 = Debug|Any CPU
		{18C6CF88-1440-455B-BC4E-8C063122A568}.Release|Any CPU.ActiveCfg = Release|Any CPU
		{18C6CF88-1440-455B-BC4E-8C063122A568}.Release|Any CPU.Build.0 = Release|Any CPU
		{BA25C66B-772B-42A7-9567-6155855323B7}.Debug|Any CPU.ActiveCfg = Debug|Any CPU
		{BA25C66B-772B-42A7-9567-6155855323B7}.Debug|Any CPU.Build.0 = Debug|Any CPU
		{BA25C66B-772B-42A7-9567-6155855323B7}.Release|Any CPU.ActiveCfg = Release|Any CPU
		{BA25C66B-772B-42A7-9567-6155855323B7}.Release|Any CPU.Build.0 = Release|Any CPU
	EndGlobalSection
	GlobalSection(SolutionProperties) = preSolution
		HideSolutionNode = FALSE
	EndGlobalSection
	GlobalSection(ExtensibilityGlobals) = postSolution
		SolutionGuid = {50FF3F73-B063-4E4B-8E3A-782CC83DCA90}
	EndGlobalSection
EndGlobal
